// !$*UTF8*$!
{
	archiveVersion = 1;
	classes = {
	};
	objectVersion = 55;
	objects = {

/* Begin PBXBuildFile section */
		820980C829474C9600D20E66 /* AppDelegate.swift in Sources */ = {isa = PBXBuildFile; fileRef = 820980C729474C9600D20E66 /* AppDelegate.swift */; };
		820980D129474C9900D20E66 /* Assets.xcassets in Resources */ = {isa = PBXBuildFile; fileRef = 820980D029474C9900D20E66 /* Assets.xcassets */; };
		820980D429474C9900D20E66 /* LaunchScreen.storyboard in Resources */ = {isa = PBXBuildFile; fileRef = 820980D229474C9900D20E66 /* LaunchScreen.storyboard */; };
		82BB05762947517A0077B9DF /* SnapKit in Frameworks */ = {isa = PBXBuildFile; productRef = 82BB05752947517A0077B9DF /* SnapKit */; };
		82BB057C294754B00077B9DF /* ChildCellView.swift in Sources */ = {isa = PBXBuildFile; fileRef = 82BB057B294754B00077B9DF /* ChildCellView.swift */; };
		82BB057E294754FC0077B9DF /* ChildTableViewCell.swift in Sources */ = {isa = PBXBuildFile; fileRef = 82BB057D294754FC0077B9DF /* ChildTableViewCell.swift */; };
		82BB0581294755680077B9DF /* Realm in Frameworks */ = {isa = PBXBuildFile; productRef = 82BB0580294755680077B9DF /* Realm */; };
		82BB0583294755680077B9DF /* RealmSwift in Frameworks */ = {isa = PBXBuildFile; productRef = 82BB0582294755680077B9DF /* RealmSwift */; };
		82BB0586294756070077B9DF /* FooterCellView.swift in Sources */ = {isa = PBXBuildFile; fileRef = 82BB0585294756070077B9DF /* FooterCellView.swift */; };
		82BB0588294756530077B9DF /* FooterTableViewCell.swift in Sources */ = {isa = PBXBuildFile; fileRef = 82BB0587294756530077B9DF /* FooterTableViewCell.swift */; };
		82BB058B294756C40077B9DF /* HeaderCellView.swift in Sources */ = {isa = PBXBuildFile; fileRef = 82BB058A294756C40077B9DF /* HeaderCellView.swift */; };
		82BB058D294757020077B9DF /* HeaderTableViewCell.swift in Sources */ = {isa = PBXBuildFile; fileRef = 82BB058C294757020077B9DF /* HeaderTableViewCell.swift */; };
		82BB05902947577F0077B9DF /* ChildModel.swift in Sources */ = {isa = PBXBuildFile; fileRef = 82BB058F2947577F0077B9DF /* ChildModel.swift */; };
		82BB0592294757C60077B9DF /* ParentModel.swift in Sources */ = {isa = PBXBuildFile; fileRef = 82BB0591294757C60077B9DF /* ParentModel.swift */; };
		82BB05942947584B0077B9DF /* RealmManager.swift in Sources */ = {isa = PBXBuildFile; fileRef = 82BB05932947584B0077B9DF /* RealmManager.swift */; };
		82BB0596294758A20077B9DF /* ParentTableViewController.swift in Sources */ = {isa = PBXBuildFile; fileRef = 82BB0595294758A20077B9DF /* ParentTableViewController.swift */; };
/* End PBXBuildFile section */

/* Begin PBXFileReference section */
		820980C429474C9600D20E66 /* AlefGitTz.app */ = {isa = PBXFileReference; explicitFileType = wrapper.application; includeInIndex = 0; path = AlefGitTz.app; sourceTree = BUILT_PRODUCTS_DIR; };
		820980C729474C9600D20E66 /* AppDelegate.swift */ = {isa = PBXFileReference; lastKnownFileType = sourcecode.swift; path = AppDelegate.swift; sourceTree = "<group>"; };
		820980D029474C9900D20E66 /* Assets.xcassets */ = {isa = PBXFileReference; lastKnownFileType = folder.assetcatalog; path = Assets.xcassets; sourceTree = "<group>"; };
		820980D329474C9900D20E66 /* Base */ = {isa = PBXFileReference; lastKnownFileType = file.storyboard; name = Base; path = Base.lproj/LaunchScreen.storyboard; sourceTree = "<group>"; };
		820980D529474C9900D20E66 /* Info.plist */ = {isa = PBXFileReference; lastKnownFileType = text.plist.xml; path = Info.plist; sourceTree = "<group>"; };
		82BB057B294754B00077B9DF /* ChildCellView.swift */ = {isa = PBXFileReference; lastKnownFileType = sourcecode.swift; path = ChildCellView.swift; sourceTree = "<group>"; };
		82BB057D294754FC0077B9DF /* ChildTableViewCell.swift */ = {isa = PBXFileReference; lastKnownFileType = sourcecode.swift; path = ChildTableViewCell.swift; sourceTree = "<group>"; };
		82BB0585294756070077B9DF /* FooterCellView.swift */ = {isa = PBXFileReference; lastKnownFileType = sourcecode.swift; path = FooterCellView.swift; sourceTree = "<group>"; };
		82BB0587294756530077B9DF /* FooterTableViewCell.swift */ = {isa = PBXFileReference; lastKnownFileType = sourcecode.swift; path = FooterTableViewCell.swift; sourceTree = "<group>"; };
		82BB058A294756C40077B9DF /* HeaderCellView.swift */ = {isa = PBXFileReference; lastKnownFileType = sourcecode.swift; path = HeaderCellView.swift; sourceTree = "<group>"; };
		82BB058C294757020077B9DF /* HeaderTableViewCell.swift */ = {isa = PBXFileReference; lastKnownFileType = sourcecode.swift; path = HeaderTableViewCell.swift; sourceTree = "<group>"; };
		82BB058F2947577F0077B9DF /* ChildModel.swift */ = {isa = PBXFileReference; lastKnownFileType = sourcecode.swift; path = ChildModel.swift; sourceTree = "<group>"; };
		82BB0591294757C60077B9DF /* ParentModel.swift */ = {isa = PBXFileReference; lastKnownFileType = sourcecode.swift; path = ParentModel.swift; sourceTree = "<group>"; };
		82BB05932947584B0077B9DF /* RealmManager.swift */ = {isa = PBXFileReference; lastKnownFileType = sourcecode.swift; path = RealmManager.swift; sourceTree = "<group>"; };
		82BB0595294758A20077B9DF /* ParentTableViewController.swift */ = {isa = PBXFileReference; lastKnownFileType = sourcecode.swift; path = ParentTableViewController.swift; sourceTree = "<group>"; };
/* End PBXFileReference section */

/* Begin PBXFrameworksBuildPhase section */
		820980C129474C9600D20E66 /* Frameworks */ = {
			isa = PBXFrameworksBuildPhase;
			buildActionMask = 2147483647;
			files = (
				82BB0583294755680077B9DF /* RealmSwift in Frameworks */,
				82BB0581294755680077B9DF /* Realm in Frameworks */,
				82BB05762947517A0077B9DF /* SnapKit in Frameworks */,
			);
			runOnlyForDeploymentPostprocessing = 0;
		};
/* End PBXFrameworksBuildPhase section */

/* Begin PBXGroup section */
		820980BB29474C9600D20E66 = {
			isa = PBXGroup;
			children = (
				820980C629474C9600D20E66 /* AlefGitTz */,
				820980C529474C9600D20E66 /* Products */,
			);
			sourceTree = "<group>";
		};
		820980C529474C9600D20E66 /* Products */ = {
			isa = PBXGroup;
			children = (
				820980C429474C9600D20E66 /* AlefGitTz.app */,
			);
			name = Products;
			sourceTree = "<group>";
		};
		820980C629474C9600D20E66 /* AlefGitTz */ = {
			isa = PBXGroup;
			children = (
				820980DB29474D1400D20E66 /* Application */,
				8255E5A829489C30009B2AFC /* BDManager */,
				82BB058E2947576C0077B9DF /* Models */,
				8255E5A929489C71009B2AFC /* ParentScreen */,
				820980DC29474D2900D20E66 /* Resources */,
			);
			path = AlefGitTz;
			sourceTree = "<group>";
		};
		820980DB29474D1400D20E66 /* Application */ = {
			isa = PBXGroup;
			children = (
				820980C729474C9600D20E66 /* AppDelegate.swift */,
			);
			path = Application;
			sourceTree = "<group>";
		};
		820980DC29474D2900D20E66 /* Resources */ = {
			isa = PBXGroup;
			children = (
				820980D029474C9900D20E66 /* Assets.xcassets */,
				820980D229474C9900D20E66 /* LaunchScreen.storyboard */,
				820980D529474C9900D20E66 /* Info.plist */,
			);
			path = Resources;
			sourceTree = "<group>";
		};
		8255E5A829489C30009B2AFC /* BDManager */ = {
			isa = PBXGroup;
			children = (
				82BB05932947584B0077B9DF /* RealmManager.swift */,
			);
			path = BDManager;
			sourceTree = "<group>";
		};
		8255E5A929489C71009B2AFC /* ParentScreen */ = {
			isa = PBXGroup;
			children = (
				82BB0595294758A20077B9DF /* ParentTableViewController.swift */,
				82BB0589294756AC0077B9DF /* HeaderCell */,
				82BB057A294754980077B9DF /* ChildCell */,
				82BB0584294755DE0077B9DF /* FooterCell */,
			);
			path = ParentScreen;
			sourceTree = "<group>";
		};
		82BB057A294754980077B9DF /* ChildCell */ = {
			isa = PBXGroup;
			children = (
				82BB057B294754B00077B9DF /* ChildCellView.swift */,
				82BB057D294754FC0077B9DF /* ChildTableViewCell.swift */,
			);
			path = ChildCell;
			sourceTree = "<group>";
		};
		82BB0584294755DE0077B9DF /* FooterCell */ = {
			isa = PBXGroup;
			children = (
				82BB0585294756070077B9DF /* FooterCellView.swift */,
				82BB0587294756530077B9DF /* FooterTableViewCell.swift */,
			);
			path = FooterCell;
			sourceTree = "<group>";
		};
		82BB0589294756AC0077B9DF /* HeaderCell */ = {
			isa = PBXGroup;
			children = (
				82BB058A294756C40077B9DF /* HeaderCellView.swift */,
				82BB058C294757020077B9DF /* HeaderTableViewCell.swift */,
			);
			path = HeaderCell;
			sourceTree = "<group>";
		};
		82BB058E2947576C0077B9DF /* Models */ = {
			isa = PBXGroup;
			children = (
				82BB058F2947577F0077B9DF /* ChildModel.swift */,
				82BB0591294757C60077B9DF /* ParentModel.swift */,
			);
			path = Models;
			sourceTree = "<group>";
		};
/* End PBXGroup section */

/* Begin PBXNativeTarget section */
		820980C329474C9600D20E66 /* AlefGitTz */ = {
			isa = PBXNativeTarget;
			buildConfigurationList = 820980D829474C9900D20E66 /* Build configuration list for PBXNativeTarget "AlefGitTz" */;
			buildPhases = (
				820980C029474C9600D20E66 /* Sources */,
				820980C129474C9600D20E66 /* Frameworks */,
				820980C229474C9600D20E66 /* Resources */,
			);
			buildRules = (
			);
			dependencies = (
			);
			name = AlefGitTz;
			packageProductDependencies = (
				82BB05752947517A0077B9DF /* SnapKit */,
				82BB0580294755680077B9DF /* Realm */,
				82BB0582294755680077B9DF /* RealmSwift */,
			);
			productName = AlefGitTz;
			productReference = 820980C429474C9600D20E66 /* AlefGitTz.app */;
			productType = "com.apple.product-type.application";
		};
/* End PBXNativeTarget section */

/* Begin PBXProject section */
		820980BC29474C9600D20E66 /* Project object */ = {
			isa = PBXProject;
			attributes = {
				BuildIndependentTargetsInParallel = 1;
				LastSwiftUpdateCheck = 1340;
				LastUpgradeCheck = 1340;
				TargetAttributes = {
					820980C329474C9600D20E66 = {
						CreatedOnToolsVersion = 13.4.1;
					};
				};
			};
			buildConfigurationList = 820980BF29474C9600D20E66 /* Build configuration list for PBXProject "AlefGitTz" */;
			compatibilityVersion = "Xcode 13.0";
			developmentRegion = en;
			hasScannedForEncodings = 0;
			knownRegions = (
				en,
				Base,
			);
			mainGroup = 820980BB29474C9600D20E66;
			packageReferences = (
				82BB05742947517A0077B9DF /* XCRemoteSwiftPackageReference "SnapKit" */,
				82BB0579294753630077B9DF /* XCRemoteSwiftPackageReference "realm-swift" */,
			);
			productRefGroup = 820980C529474C9600D20E66 /* Products */;
			projectDirPath = "";
			projectRoot = "";
			targets = (
				820980C329474C9600D20E66 /* AlefGitTz */,
			);
		};
/* End PBXProject section */

/* Begin PBXResourcesBuildPhase section */
		820980C229474C9600D20E66 /* Resources */ = {
			isa = PBXResourcesBuildPhase;
			buildActionMask = 2147483647;
			files = (
				820980D429474C9900D20E66 /* LaunchScreen.storyboard in Resources */,
				820980D129474C9900D20E66 /* Assets.xcassets in Resources */,
			);
			runOnlyForDeploymentPostprocessing = 0;
		};
/* End PBXResourcesBuildPhase section */

/* Begin PBXSourcesBuildPhase section */
		820980C029474C9600D20E66 /* Sources */ = {
			isa = PBXSourcesBuildPhase;
			buildActionMask = 2147483647;
			files = (
				82BB058D294757020077B9DF /* HeaderTableViewCell.swift in Sources */,
				82BB057C294754B00077B9DF /* ChildCellView.swift in Sources */,
				82BB0588294756530077B9DF /* FooterTableViewCell.swift in Sources */,
				82BB0592294757C60077B9DF /* ParentModel.swift in Sources */,
				82BB05942947584B0077B9DF /* RealmManager.swift in Sources */,
				82BB058B294756C40077B9DF /* HeaderCellView.swift in Sources */,
				820980C829474C9600D20E66 /* AppDelegate.swift in Sources */,
				82BB057E294754FC0077B9DF /* ChildTableViewCell.swift in Sources */,
				82BB0596294758A20077B9DF /* ParentTableViewController.swift in Sources */,
				82BB05902947577F0077B9DF /* ChildModel.swift in Sources */,
				82BB0586294756070077B9DF /* FooterCellView.swift in Sources */,
			);
			runOnlyForDeploymentPostprocessing = 0;
		};
/* End PBXSourcesBuildPhase section */

/* Begin PBXVariantGroup section */
		820980D229474C9900D20E66 /* LaunchScreen.storyboard */ = {
			isa = PBXVariantGroup;
			children = (
				820980D329474C9900D20E66 /* Base */,
			);
			name = LaunchScreen.storyboard;
			sourceTree = "<group>";
		};
/* End PBXVariantGroup section */

/* Begin XCBuildConfiguration section */
		820980D629474C9900D20E66 /* Debug */ = {
			isa = XCBuildConfiguration;
			buildSettings = {
				ALWAYS_SEARCH_USER_PATHS = NO;
				CLANG_ANALYZER_NONNULL = YES;
				CLANG_ANALYZER_NUMBER_OBJECT_CONVERSION = YES_AGGRESSIVE;
				CLANG_CXX_LANGUAGE_STANDARD = "gnu++17";
				CLANG_ENABLE_MODULES = YES;
				CLANG_ENABLE_OBJC_ARC = YES;
				CLANG_ENABLE_OBJC_WEAK = YES;
				CLANG_WARN_BLOCK_CAPTURE_AUTORELEASING = YES;
				CLANG_WARN_BOOL_CONVERSION = YES;
				CLANG_WARN_COMMA = YES;
				CLANG_WARN_CONSTANT_CONVERSION = YES;
				CLANG_WARN_DEPRECATED_OBJC_IMPLEMENTATIONS = YES;
				CLANG_WARN_DIRECT_OBJC_ISA_USAGE = YES_ERROR;
				CLANG_WARN_DOCUMENTATION_COMMENTS = YES;
				CLANG_WARN_EMPTY_BODY = YES;
				CLANG_WARN_ENUM_CONVERSION = YES;
				CLANG_WARN_INFINITE_RECURSION = YES;
				CLANG_WARN_INT_CONVERSION = YES;
				CLANG_WARN_NON_LITERAL_NULL_CONVERSION = YES;
				CLANG_WARN_OBJC_IMPLICIT_RETAIN_SELF = YES;
				CLANG_WARN_OBJC_LITERAL_CONVERSION = YES;
				CLANG_WARN_OBJC_ROOT_CLASS = YES_ERROR;
				CLANG_WARN_QUOTED_INCLUDE_IN_FRAMEWORK_HEADER = YES;
				CLANG_WARN_RANGE_LOOP_ANALYSIS = YES;
				CLANG_WARN_STRICT_PROTOTYPES = YES;
				CLANG_WARN_SUSPICIOUS_MOVE = YES;
				CLANG_WARN_UNGUARDED_AVAILABILITY = YES_AGGRESSIVE;
				CLANG_WARN_UNREACHABLE_CODE = YES;
				CLANG_WARN__DUPLICATE_METHOD_MATCH = YES;
				COPY_PHASE_STRIP = NO;
				DEBUG_INFORMATION_FORMAT = dwarf;
				ENABLE_STRICT_OBJC_MSGSEND = YES;
				ENABLE_TESTABILITY = YES;
				GCC_C_LANGUAGE_STANDARD = gnu11;
				GCC_DYNAMIC_NO_PIC = NO;
				GCC_NO_COMMON_BLOCKS = YES;
				GCC_OPTIMIZATION_LEVEL = 0;
				GCC_PREPROCESSOR_DEFINITIONS = (
					"DEBUG=1",
					"$(inherited)",
				);
				GCC_WARN_64_TO_32_BIT_CONVERSION = YES;
				GCC_WARN_ABOUT_RETURN_TYPE = YES_ERROR;
				GCC_WARN_UNDECLARED_SELECTOR = YES;
				GCC_WARN_UNINITIALIZED_AUTOS = YES_AGGRESSIVE;
				GCC_WARN_UNUSED_FUNCTION = YES;
				GCC_WARN_UNUSED_VARIABLE = YES;
				IPHONEOS_DEPLOYMENT_TARGET = 15.5;
				MTL_ENABLE_DEBUG_INFO = INCLUDE_SOURCE;
				MTL_FAST_MATH = YES;
				ONLY_ACTIVE_ARCH = YES;
				SDKROOT = iphoneos;
				SWIFT_ACTIVE_COMPILATION_CONDITIONS = DEBUG;
				SWIFT_OPTIMIZATION_LEVEL = "-Onone";
			};
			name = Debug;
		};
		820980D729474C9900D20E66 /* Release */ = {
			isa = XCBuildConfiguration;
			buildSettings = {
				ALWAYS_SEARCH_USER_PATHS = NO;
				CLANG_ANALYZER_NONNULL = YES;
				CLANG_ANALYZER_NUMBER_OBJECT_CONVERSION = YES_AGGRESSIVE;
				CLANG_CXX_LANGUAGE_STANDARD = "gnu++17";
				CLANG_ENABLE_MODULES = YES;
				CLANG_ENABLE_OBJC_ARC = YES;
				CLANG_ENABLE_OBJC_WEAK = YES;
				CLANG_WARN_BLOCK_CAPTURE_AUTORELEASING = YES;
				CLANG_WARN_BOOL_CONVERSION = YES;
				CLANG_WARN_COMMA = YES;
				CLANG_WARN_CONSTANT_CONVERSION = YES;
				CLANG_WARN_DEPRECATED_OBJC_IMPLEMENTATIONS = YES;
				CLANG_WARN_DIRECT_OBJC_ISA_USAGE = YES_ERROR;
				CLANG_WARN_DOCUMENTATION_COMMENTS = YES;
				CLANG_WARN_EMPTY_BODY = YES;
				CLANG_WARN_ENUM_CONVERSION = YES;
				CLANG_WARN_INFINITE_RECURSION = YES;
				CLANG_WARN_INT_CONVERSION = YES;
				CLANG_WARN_NON_LITERAL_NULL_CONVERSION = YES;
				CLANG_WARN_OBJC_IMPLICIT_RETAIN_SELF = YES;
				CLANG_WARN_OBJC_LITERAL_CONVERSION = YES;
				CLANG_WARN_OBJC_ROOT_CLASS = YES_ERROR;
				CLANG_WARN_QUOTED_INCLUDE_IN_FRAMEWORK_HEADER = YES;
				CLANG_WARN_RANGE_LOOP_ANALYSIS = YES;
				CLANG_WARN_STRICT_PROTOTYPES = YES;
				CLANG_WARN_SUSPICIOUS_MOVE = YES;
				CLANG_WARN_UNGUARDED_AVAILABILITY = YES_AGGRESSIVE;
				CLANG_WARN_UNREACHABLE_CODE = YES;
				CLANG_WARN__DUPLICATE_METHOD_MATCH = YES;
				COPY_PHASE_STRIP = NO;
				DEBUG_INFORMATION_FORMAT = "dwarf-with-dsym";
				ENABLE_NS_ASSERTIONS = NO;
				ENABLE_STRICT_OBJC_MSGSEND = YES;
				GCC_C_LANGUAGE_STANDARD = gnu11;
				GCC_NO_COMMON_BLOCKS = YES;
				GCC_WARN_64_TO_32_BIT_CONVERSION = YES;
				GCC_WARN_ABOUT_RETURN_TYPE = YES_ERROR;
				GCC_WARN_UNDECLARED_SELECTOR = YES;
				GCC_WARN_UNINITIALIZED_AUTOS = YES_AGGRESSIVE;
				GCC_WARN_UNUSED_FUNCTION = YES;
				GCC_WARN_UNUSED_VARIABLE = YES;
				IPHONEOS_DEPLOYMENT_TARGET = 15.5;
				MTL_ENABLE_DEBUG_INFO = NO;
				MTL_FAST_MATH = YES;
				SDKROOT = iphoneos;
				SWIFT_COMPILATION_MODE = wholemodule;
				SWIFT_OPTIMIZATION_LEVEL = "-O";
				VALIDATE_PRODUCT = YES;
			};
			name = Release;
		};
		820980D929474C9900D20E66 /* Debug */ = {
			isa = XCBuildConfiguration;
			buildSettings = {
				ASSETCATALOG_COMPILER_APPICON_NAME = AppIcon;
				ASSETCATALOG_COMPILER_GLOBAL_ACCENT_COLOR_NAME = AccentColor;
				CODE_SIGN_STYLE = Automatic;
				CURRENT_PROJECT_VERSION = 1;
				DEVELOPMENT_TEAM = 3V35N9JX9X;
				GENERATE_INFOPLIST_FILE = YES;
				INFOPLIST_FILE = AlefGitTz/Resources/Info.plist;
				INFOPLIST_KEY_UIApplicationSupportsIndirectInputEvents = YES;
				INFOPLIST_KEY_UILaunchStoryboardName = LaunchScreen;
				INFOPLIST_KEY_UISupportedInterfaceOrientations_iPad = "UIInterfaceOrientationPortrait UIInterfaceOrientationPortraitUpsideDown UIInterfaceOrientationLandscapeLeft UIInterfaceOrientationLandscapeRight";
				INFOPLIST_KEY_UISupportedInterfaceOrientations_iPhone = "UIInterfaceOrientationPortrait UIInterfaceOrientationLandscapeLeft UIInterfaceOrientationLandscapeRight";
				LD_RUNPATH_SEARCH_PATHS = (
					"$(inherited)",
					"@executable_path/Frameworks",
				);
				MARKETING_VERSION = 1.0;
				PRODUCT_BUNDLE_IDENTIFIER = NuarCompany.AlefGitTz;
				PRODUCT_NAME = "$(TARGET_NAME)";
				SWIFT_EMIT_LOC_STRINGS = YES;
				SWIFT_VERSION = 5.0;
				TARGETED_DEVICE_FAMILY = "1,2";
			};
			name = Debug;
		};
		820980DA29474C9900D20E66 /* Release */ = {
			isa = XCBuildConfiguration;
			buildSettings = {
				ASSETCATALOG_COMPILER_APPICON_NAME = AppIcon;
				ASSETCATALOG_COMPILER_GLOBAL_ACCENT_COLOR_NAME = AccentColor;
				CODE_SIGN_STYLE = Automatic;
				CURRENT_PROJECT_VERSION = 1;
				DEVELOPMENT_TEAM = 3V35N9JX9X;
				GENERATE_INFOPLIST_FILE = YES;
				INFOPLIST_FILE = AlefGitTz/Resources/Info.plist;
				INFOPLIST_KEY_UIApplicationSupportsIndirectInputEvents = YES;
				INFOPLIST_KEY_UILaunchStoryboardName = LaunchScreen;
				INFOPLIST_KEY_UISupportedInterfaceOrientations_iPad = "UIInterfaceOrientationPortrait UIInterfaceOrientationPortraitUpsideDown UIInterfaceOrientationLandscapeLeft UIInterfaceOrientationLandscapeRight";
				INFOPLIST_KEY_UISupportedInterfaceOrientations_iPhone = "UIInterfaceOrientationPortrait UIInterfaceOrientationLandscapeLeft UIInterfaceOrientationLandscapeRight";
				LD_RUNPATH_SEARCH_PATHS = (
					"$(inherited)",
					"@executable_path/Frameworks",
				);
				MARKETING_VERSION = 1.0;
				PRODUCT_BUNDLE_IDENTIFIER = NuarCompany.AlefGitTz;
				PRODUCT_NAME = "$(TARGET_NAME)";
				SWIFT_EMIT_LOC_STRINGS = YES;
				SWIFT_VERSION = 5.0;
				TARGETED_DEVICE_FAMILY = "1,2";
			};
			name = Release;
		};
/* End XCBuildConfiguration section */

/* Begin XCConfigurationList section */
		820980BF29474C9600D20E66 /* Build configuration list for PBXProject "AlefGitTz" */ = {
			isa = XCConfigurationList;
			buildConfigurations = (
				820980D629474C9900D20E66 /* Debug */,
				820980D729474C9900D20E66 /* Release */,
			);
			defaultConfigurationIsVisible = 0;
			defaultConfigurationName = Release;
		};
		820980D829474C9900D20E66 /* Build configuration list for PBXNativeTarget "AlefGitTz" */ = {
			isa = XCConfigurationList;
			buildConfigurations = (
				820980D929474C9900D20E66 /* Debug */,
				820980DA29474C9900D20E66 /* Release */,
			);
			defaultConfigurationIsVisible = 0;
			defaultConfigurationName = Release;
		};
/* End XCConfigurationList section */

/* Begin XCRemoteSwiftPackageReference section */
		82BB05742947517A0077B9DF /* XCRemoteSwiftPackageReference "SnapKit" */ = {
			isa = XCRemoteSwiftPackageReference;
			repositoryURL = "https://github.com/SnapKit/SnapKit.git";
			requirement = {
				kind = upToNextMajorVersion;
				minimumVersion = 5.0.0;
			};
		};
		82BB0579294753630077B9DF /* XCRemoteSwiftPackageReference "realm-swift" */ = {
			isa = XCRemoteSwiftPackageReference;
			repositoryURL = "https://github.com/realm/realm-swift.git";
			requirement = {
				branch = master;
				kind = branch;
			};
		};
/* End XCRemoteSwiftPackageReference section */

/* Begin XCSwiftPackageProductDependency section */
		82BB05752947517A0077B9DF /* SnapKit */ = {
			isa = XCSwiftPackageProductDependency;
			package = 82BB05742947517A0077B9DF /* XCRemoteSwiftPackageReference "SnapKit" */;
			productName = SnapKit;
		};
		82BB0580294755680077B9DF /* Realm */ = {
			isa = XCSwiftPackageProductDependency;
			package = 82BB0579294753630077B9DF /* XCRemoteSwiftPackageReference "realm-swift" */;
			productName = Realm;
		};
		82BB0582294755680077B9DF /* RealmSwift */ = {
			isa = XCSwiftPackageProductDependency;
			package = 82BB0579294753630077B9DF /* XCRemoteSwiftPackageReference "realm-swift" */;
			productName = RealmSwift;
		};
/* End XCSwiftPackageProductDependency section */
	};
	rootObject = 820980BC29474C9600D20E66 /* Project object */;
}
